// !$*UTF8*$!
{
	archiveVersion = 1;
	classes = {
	};
	objectVersion = 50;
	objects = {

/* Begin PBXBuildFile section */
		372329DA24CA69E7008DCF0B /* GoalType.swift in Sources */ = {isa = PBXBuildFile; fileRef = 372329D924CA69E7008DCF0B /* GoalType.swift */; };
		372329DC24CA7717008DCF0B /* CreateGoalVC.swift in Sources */ = {isa = PBXBuildFile; fileRef = 372329DB24CA7717008DCF0B /* CreateGoalVC.swift */; };
		372329DE24CA7C89008DCF0B /* UIViewControllerExt.swift in Sources */ = {isa = PBXBuildFile; fileRef = 372329DD24CA7C89008DCF0B /* UIViewControllerExt.swift */; };
		372329E024CB22BF008DCF0B /* UIViewExt.swift in Sources */ = {isa = PBXBuildFile; fileRef = 372329DF24CB22BF008DCF0B /* UIViewExt.swift */; };
		372329E224CB2B14008DCF0B /* UIButtonExt.swift in Sources */ = {isa = PBXBuildFile; fileRef = 372329E124CB2B14008DCF0B /* UIButtonExt.swift */; };
		372329E424CB35B8008DCF0B /* FinishGoalVC.swift in Sources */ = {isa = PBXBuildFile; fileRef = 372329E324CB35B8008DCF0B /* FinishGoalVC.swift */; };
		376939D424CA52C1004F2E9C /* GoalTableViewCell.swift in Sources */ = {isa = PBXBuildFile; fileRef = 376939D324CA52C1004F2E9C /* GoalTableViewCell.swift */; };
		37BE75E824CA173600079853 /* AppDelegate.swift in Sources */ = {isa = PBXBuildFile; fileRef = 37BE75E724CA173600079853 /* AppDelegate.swift */; };
		37BE75EA24CA173600079853 /* SceneDelegate.swift in Sources */ = {isa = PBXBuildFile; fileRef = 37BE75E924CA173600079853 /* SceneDelegate.swift */; };
		37BE75EC24CA173600079853 /* GoalsVC.swift in Sources */ = {isa = PBXBuildFile; fileRef = 37BE75EB24CA173600079853 /* GoalsVC.swift */; };
		37BE75EF24CA173600079853 /* Main.storyboard in Resources */ = {isa = PBXBuildFile; fileRef = 37BE75ED24CA173600079853 /* Main.storyboard */; };
		37BE75F224CA173600079853 /* GoalPostApp.xcdatamodeld in Sources */ = {isa = PBXBuildFile; fileRef = 37BE75F024CA173600079853 /* GoalPostApp.xcdatamodeld */; };
		37BE75F424CA173700079853 /* Assets.xcassets in Resources */ = {isa = PBXBuildFile; fileRef = 37BE75F324CA173700079853 /* Assets.xcassets */; };
		37BE75F724CA173700079853 /* LaunchScreen.storyboard in Resources */ = {isa = PBXBuildFile; fileRef = 37BE75F524CA173700079853 /* LaunchScreen.storyboard */; };
		37E9503B24CCF7C0008A737C /* images in Resources */ = {isa = PBXBuildFile; fileRef = 37E9503A24CCF7C0008A737C /* images */; };
/* End PBXBuildFile section */

/* Begin PBXFileReference section */
		372329D924CA69E7008DCF0B /* GoalType.swift */ = {isa = PBXFileReference; lastKnownFileType = sourcecode.swift; path = GoalType.swift; sourceTree = "<group>"; };
		372329DB24CA7717008DCF0B /* CreateGoalVC.swift */ = {isa = PBXFileReference; lastKnownFileType = sourcecode.swift; path = CreateGoalVC.swift; sourceTree = "<group>"; };
		372329DD24CA7C89008DCF0B /* UIViewControllerExt.swift */ = {isa = PBXFileReference; lastKnownFileType = sourcecode.swift; path = UIViewControllerExt.swift; sourceTree = "<group>"; };
		372329DF24CB22BF008DCF0B /* UIViewExt.swift */ = {isa = PBXFileReference; lastKnownFileType = sourcecode.swift; path = UIViewExt.swift; sourceTree = "<group>"; };
		372329E124CB2B14008DCF0B /* UIButtonExt.swift */ = {isa = PBXFileReference; lastKnownFileType = sourcecode.swift; path = UIButtonExt.swift; sourceTree = "<group>"; };
		372329E324CB35B8008DCF0B /* FinishGoalVC.swift */ = {isa = PBXFileReference; lastKnownFileType = sourcecode.swift; path = FinishGoalVC.swift; sourceTree = "<group>"; };
		376939D324CA52C1004F2E9C /* GoalTableViewCell.swift */ = {isa = PBXFileReference; lastKnownFileType = sourcecode.swift; path = GoalTableViewCell.swift; sourceTree = "<group>"; };
		37BE75E424CA173600079853 /* GoalPostApp.app */ = {isa = PBXFileReference; explicitFileType = wrapper.application; includeInIndex = 0; path = GoalPostApp.app; sourceTree = BUILT_PRODUCTS_DIR; };
		37BE75E724CA173600079853 /* AppDelegate.swift */ = {isa = PBXFileReference; lastKnownFileType = sourcecode.swift; path = AppDelegate.swift; sourceTree = "<group>"; };
		37BE75E924CA173600079853 /* SceneDelegate.swift */ = {isa = PBXFileReference; lastKnownFileType = sourcecode.swift; path = SceneDelegate.swift; sourceTree = "<group>"; };
		37BE75EB24CA173600079853 /* GoalsVC.swift */ = {isa = PBXFileReference; lastKnownFileType = sourcecode.swift; path = GoalsVC.swift; sourceTree = "<group>"; };
		37BE75EE24CA173600079853 /* Base */ = {isa = PBXFileReference; lastKnownFileType = file.storyboard; name = Base; path = Base.lproj/Main.storyboard; sourceTree = "<group>"; };
		37BE75F124CA173600079853 /* GoalPostApp.xcdatamodel */ = {isa = PBXFileReference; lastKnownFileType = wrapper.xcdatamodel; path = GoalPostApp.xcdatamodel; sourceTree = "<group>"; };
		37BE75F324CA173700079853 /* Assets.xcassets */ = {isa = PBXFileReference; lastKnownFileType = folder.assetcatalog; path = Assets.xcassets; sourceTree = "<group>"; };
		37BE75F624CA173700079853 /* Base */ = {isa = PBXFileReference; lastKnownFileType = file.storyboard; name = Base; path = Base.lproj/LaunchScreen.storyboard; sourceTree = "<group>"; };
		37BE75F824CA173700079853 /* Info.plist */ = {isa = PBXFileReference; lastKnownFileType = text.plist.xml; path = Info.plist; sourceTree = "<group>"; };
		37E9503A24CCF7C0008A737C /* images */ = {isa = PBXFileReference; lastKnownFileType = folder; path = images; sourceTree = "<group>"; };
/* End PBXFileReference section */

/* Begin PBXFrameworksBuildPhase section */
		37BE75E124CA173600079853 /* Frameworks */ = {
			isa = PBXFrameworksBuildPhase;
			buildActionMask = 2147483647;
			files = (
			);
			runOnlyForDeploymentPostprocessing = 0;
		};
/* End PBXFrameworksBuildPhase section */

/* Begin PBXGroup section */
		37BE75DB24CA173600079853 = {
			isa = PBXGroup;
			children = (
				37BE75E624CA173600079853 /* GoalPostApp */,
				37BE75E524CA173600079853 /* Products */,
				37E9503A24CCF7C0008A737C /* images */,
			);
			sourceTree = "<group>";
		};
		37BE75E524CA173600079853 /* Products */ = {
			isa = PBXGroup;
			children = (
				37BE75E424CA173600079853 /* GoalPostApp.app */,
			);
			name = Products;
			sourceTree = "<group>";
		};
		37BE75E624CA173600079853 /* GoalPostApp */ = {
			isa = PBXGroup;
			children = (
				37BE760124CA17BA00079853 /* Extensions */,
				37BE760024CA17AE00079853 /* Enums */,
				37BE75FF24CA178500079853 /* View */,
				37BE75FE24CA176700079853 /* Controller */,
				37BE75E724CA173600079853 /* AppDelegate.swift */,
				37BE75E924CA173600079853 /* SceneDelegate.swift */,
				37BE75ED24CA173600079853 /* Main.storyboard */,
				37BE75F324CA173700079853 /* Assets.xcassets */,
				37BE75F524CA173700079853 /* LaunchScreen.storyboard */,
				37BE75F824CA173700079853 /* Info.plist */,
				37BE75F024CA173600079853 /* GoalPostApp.xcdatamodeld */,
			);
			path = GoalPostApp;
			sourceTree = "<group>";
		};
		37BE75FE24CA176700079853 /* Controller */ = {
			isa = PBXGroup;
			children = (
				37BE75EB24CA173600079853 /* GoalsVC.swift */,
				372329DB24CA7717008DCF0B /* CreateGoalVC.swift */,
				372329E324CB35B8008DCF0B /* FinishGoalVC.swift */,
			);
			path = Controller;
			sourceTree = "<group>";
		};
		37BE75FF24CA178500079853 /* View */ = {
			isa = PBXGroup;
			children = (
				376939D324CA52C1004F2E9C /* GoalTableViewCell.swift */,
			);
			path = View;
			sourceTree = "<group>";
		};
		37BE760024CA17AE00079853 /* Enums */ = {
			isa = PBXGroup;
			children = (
				372329D924CA69E7008DCF0B /* GoalType.swift */,
			);
			path = Enums;
			sourceTree = "<group>";
		};
		37BE760124CA17BA00079853 /* Extensions */ = {
			isa = PBXGroup;
			children = (
				372329DD24CA7C89008DCF0B /* UIViewControllerExt.swift */,
				372329DF24CB22BF008DCF0B /* UIViewExt.swift */,
				372329E124CB2B14008DCF0B /* UIButtonExt.swift */,
			);
			path = Extensions;
			sourceTree = "<group>";
		};
/* End PBXGroup section */

/* Begin PBXNativeTarget section */
		37BE75E324CA173600079853 /* GoalPostApp */ = {
			isa = PBXNativeTarget;
			buildConfigurationList = 37BE75FB24CA173700079853 /* Build configuration list for PBXNativeTarget "GoalPostApp" */;
			buildPhases = (
				37BE75E024CA173600079853 /* Sources */,
				37BE75E124CA173600079853 /* Frameworks */,
				37BE75E224CA173600079853 /* Resources */,
			);
			buildRules = (
			);
			dependencies = (
			);
			name = GoalPostApp;
			productName = GoalPostApp;
			productReference = 37BE75E424CA173600079853 /* GoalPostApp.app */;
			productType = "com.apple.product-type.application";
		};
/* End PBXNativeTarget section */

/* Begin PBXProject section */
		37BE75DC24CA173600079853 /* Project object */ = {
			isa = PBXProject;
			attributes = {
				LastSwiftUpdateCheck = 1160;
				LastUpgradeCheck = 1160;
				ORGANIZATIONNAME = "Ezequiel Parada";
				TargetAttributes = {
					37BE75E324CA173600079853 = {
						CreatedOnToolsVersion = 11.6;
					};
				};
			};
			buildConfigurationList = 37BE75DF24CA173600079853 /* Build configuration list for PBXProject "GoalPostApp" */;
			compatibilityVersion = "Xcode 9.3";
			developmentRegion = en;
			hasScannedForEncodings = 0;
			knownRegions = (
				en,
				Base,
			);
			mainGroup = 37BE75DB24CA173600079853;
			productRefGroup = 37BE75E524CA173600079853 /* Products */;
			projectDirPath = "";
			projectRoot = "";
			targets = (
				37BE75E324CA173600079853 /* GoalPostApp */,
			);
		};
/* End PBXProject section */

/* Begin PBXResourcesBuildPhase section */
		37BE75E224CA173600079853 /* Resources */ = {
			isa = PBXResourcesBuildPhase;
			buildActionMask = 2147483647;
			files = (
				37E9503B24CCF7C0008A737C /* images in Resources */,
				37BE75F724CA173700079853 /* LaunchScreen.storyboard in Resources */,
				37BE75F424CA173700079853 /* Assets.xcassets in Resources */,
				37BE75EF24CA173600079853 /* Main.storyboard in Resources */,
			);
			runOnlyForDeploymentPostprocessing = 0;
		};
/* End PBXResourcesBuildPhase section */

/* Begin PBXSourcesBuildPhase section */
		37BE75E024CA173600079853 /* Sources */ = {
			isa = PBXSourcesBuildPhase;
			buildActionMask = 2147483647;
			files = (
				372329E024CB22BF008DCF0B /* UIViewExt.swift in Sources */,
				372329E224CB2B14008DCF0B /* UIButtonExt.swift in Sources */,
				37BE75EC24CA173600079853 /* GoalsVC.swift in Sources */,
				372329DC24CA7717008DCF0B /* CreateGoalVC.swift in Sources */,
				372329DE24CA7C89008DCF0B /* UIViewControllerExt.swift in Sources */,
				372329E424CB35B8008DCF0B /* FinishGoalVC.swift in Sources */,
				37BE75E824CA173600079853 /* AppDelegate.swift in Sources */,
				372329DA24CA69E7008DCF0B /* GoalType.swift in Sources */,
				37BE75F224CA173600079853 /* GoalPostApp.xcdatamodeld in Sources */,
				376939D424CA52C1004F2E9C /* GoalTableViewCell.swift in Sources */,
				37BE75EA24CA173600079853 /* SceneDelegate.swift in Sources */,
			);
			runOnlyForDeploymentPostprocessing = 0;
		};
/* End PBXSourcesBuildPhase section */

/* Begin PBXVariantGroup section */
		37BE75ED24CA173600079853 /* Main.storyboard */ = {
			isa = PBXVariantGroup;
			children = (
				37BE75EE24CA173600079853 /* Base */,
			);
			name = Main.storyboard;
			sourceTree = "<group>";
		};
		37BE75F524CA173700079853 /* LaunchScreen.storyboard */ = {
			isa = PBXVariantGroup;
			children = (
				37BE75F624CA173700079853 /* Base */,
			);
			name = LaunchScreen.storyboard;
			sourceTree = "<group>";
		};
/* End PBXVariantGroup section */

/* Begin XCBuildConfiguration section */
		37BE75F924CA173700079853 /* Debug */ = {
			isa = XCBuildConfiguration;
			buildSettings = {
				ALWAYS_SEARCH_USER_PATHS = NO;
				CLANG_ANALYZER_NONNULL = YES;
				CLANG_ANALYZER_NUMBER_OBJECT_CONVERSION = YES_AGGRESSIVE;
				CLANG_CXX_LANGUAGE_STANDARD = "gnu++14";
				CLANG_CXX_LIBRARY = "libc++";
				CLANG_ENABLE_MODULES = YES;
				CLANG_ENABLE_OBJC_ARC = YES;
				CLANG_ENABLE_OBJC_WEAK = YES;
				CLANG_WARN_BLOCK_CAPTURE_AUTORELEASING = YES;
				CLANG_WARN_BOOL_CONVERSION = YES;
				CLANG_WARN_COMMA = YES;
				CLANG_WARN_CONSTANT_CONVERSION = YES;
				CLANG_WARN_DEPRECATED_OBJC_IMPLEMENTATIONS = YES;
				CLANG_WARN_DIRECT_OBJC_ISA_USAGE = YES_ERROR;
				CLANG_WARN_DOCUMENTATION_COMMENTS = YES;
				CLANG_WARN_EMPTY_BODY = YES;
				CLANG_WARN_ENUM_CONVERSION = YES;
				CLANG_WARN_INFINITE_RECURSION = YES;
				CLANG_WARN_INT_CONVERSION = YES;
				CLANG_WARN_NON_LITERAL_NULL_CONVERSION = YES;
				CLANG_WARN_OBJC_IMPLICIT_RETAIN_SELF = YES;
				CLANG_WARN_OBJC_LITERAL_CONVERSION = YES;
				CLANG_WARN_OBJC_ROOT_CLASS = YES_ERROR;
				CLANG_WARN_RANGE_LOOP_ANALYSIS = YES;
				CLANG_WARN_STRICT_PROTOTYPES = YES;
				CLANG_WARN_SUSPICIOUS_MOVE = YES;
				CLANG_WARN_UNGUARDED_AVAILABILITY = YES_AGGRESSIVE;
				CLANG_WARN_UNREACHABLE_CODE = YES;
				CLANG_WARN__DUPLICATE_METHOD_MATCH = YES;
				COPY_PHASE_STRIP = NO;
				DEBUG_INFORMATION_FORMAT = dwarf;
				ENABLE_STRICT_OBJC_MSGSEND = YES;
				ENABLE_TESTABILITY = YES;
				GCC_C_LANGUAGE_STANDARD = gnu11;
				GCC_DYNAMIC_NO_PIC = NO;
				GCC_NO_COMMON_BLOCKS = YES;
				GCC_OPTIMIZATION_LEVEL = 0;
				GCC_PREPROCESSOR_DEFINITIONS = (
					"DEBUG=1",
					"$(inherited)",
				);
				GCC_WARN_64_TO_32_BIT_CONVERSION = YES;
				GCC_WARN_ABOUT_RETURN_TYPE = YES_ERROR;
				GCC_WARN_UNDECLARED_SELECTOR = YES;
				GCC_WARN_UNINITIALIZED_AUTOS = YES_AGGRESSIVE;
				GCC_WARN_UNUSED_FUNCTION = YES;
				GCC_WARN_UNUSED_VARIABLE = YES;
				IPHONEOS_DEPLOYMENT_TARGET = 13.6;
				MTL_ENABLE_DEBUG_INFO = INCLUDE_SOURCE;
				MTL_FAST_MATH = YES;
				ONLY_ACTIVE_ARCH = YES;
				SDKROOT = iphoneos;
				SWIFT_ACTIVE_COMPILATION_CONDITIONS = DEBUG;
				SWIFT_OPTIMIZATION_LEVEL = "-Onone";
			};
			name = Debug;
		};
		37BE75FA24CA173700079853 /* Release */ = {
			isa = XCBuildConfiguration;
			buildSettings = {
				ALWAYS_SEARCH_USER_PATHS = NO;
				CLANG_ANALYZER_NONNULL = YES;
				CLANG_ANALYZER_NUMBER_OBJECT_CONVERSION = YES_AGGRESSIVE;
				CLANG_CXX_LANGUAGE_STANDARD = "gnu++14";
				CLANG_CXX_LIBRARY = "libc++";
				CLANG_ENABLE_MODULES = YES;
				CLANG_ENABLE_OBJC_ARC = YES;
				CLANG_ENABLE_OBJC_WEAK = YES;
				CLANG_WARN_BLOCK_CAPTURE_AUTORELEASING = YES;
				CLANG_WARN_BOOL_CONVERSION = YES;
				CLANG_WARN_COMMA = YES;
				CLANG_WARN_CONSTANT_CONVERSION = YES;
				CLANG_WARN_DEPRECATED_OBJC_IMPLEMENTATIONS = YES;
				CLANG_WARN_DIRECT_OBJC_ISA_USAGE = YES_ERROR;
				CLANG_WARN_DOCUMENTATION_COMMENTS = YES;
				CLANG_WARN_EMPTY_BODY = YES;
				CLANG_WARN_ENUM_CONVERSION = YES;
				CLANG_WARN_INFINITE_RECURSION = YES;
				CLANG_WARN_INT_CONVERSION = YES;
				CLANG_WARN_NON_LITERAL_NULL_CONVERSION = YES;
				CLANG_WARN_OBJC_IMPLICIT_RETAIN_SELF = YES;
				CLANG_WARN_OBJC_LITERAL_CONVERSION = YES;
				CLANG_WARN_OBJC_ROOT_CLASS = YES_ERROR;
				CLANG_WARN_RANGE_LOOP_ANALYSIS = YES;
				CLANG_WARN_STRICT_PROTOTYPES = YES;
				CLANG_WARN_SUSPICIOUS_MOVE = YES;
				CLANG_WARN_UNGUARDED_AVAILABILITY = YES_AGGRESSIVE;
				CLANG_WARN_UNREACHABLE_CODE = YES;
				CLANG_WARN__DUPLICATE_METHOD_MATCH = YES;
				COPY_PHASE_STRIP = NO;
				DEBUG_INFORMATION_FORMAT = "dwarf-with-dsym";
				ENABLE_NS_ASSERTIONS = NO;
				ENABLE_STRICT_OBJC_MSGSEND = YES;
				GCC_C_LANGUAGE_STANDARD = gnu11;
				GCC_NO_COMMON_BLOCKS = YES;
				GCC_WARN_64_TO_32_BIT_CONVERSION = YES;
				GCC_WARN_ABOUT_RETURN_TYPE = YES_ERROR;
				GCC_WARN_UNDECLARED_SELECTOR = YES;
				GCC_WARN_UNINITIALIZED_AUTOS = YES_AGGRESSIVE;
				GCC_WARN_UNUSED_FUNCTION = YES;
				GCC_WARN_UNUSED_VARIABLE = YES;
				IPHONEOS_DEPLOYMENT_TARGET = 13.6;
				MTL_ENABLE_DEBUG_INFO = NO;
				MTL_FAST_MATH = YES;
				SDKROOT = iphoneos;
				SWIFT_COMPILATION_MODE = wholemodule;
				SWIFT_OPTIMIZATION_LEVEL = "-O";
				VALIDATE_PRODUCT = YES;
			};
			name = Release;
		};
		37BE75FC24CA173700079853 /* Debug */ = {
			isa = XCBuildConfiguration;
			buildSettings = {
				ASSETCATALOG_COMPILER_APPICON_NAME = AppIcon;
				CODE_SIGN_STYLE = Automatic;
				DEVELOPMENT_TEAM = 8PF4PD98CF;
				INFOPLIST_FILE = GoalPostApp/Info.plist;
				LD_RUNPATH_SEARCH_PATHS = (
					"$(inherited)",
					"@executable_path/Frameworks",
				);
				PRODUCT_BUNDLE_IDENTIFIER = com.paradabeltran.GoalPostApp;
				PRODUCT_NAME = "$(TARGET_NAME)";
				SWIFT_VERSION = 5.0;
				TARGETED_DEVICE_FAMILY = "1,2";
			};
			name = Debug;
		};
		37BE75FD24CA173700079853 /* Release */ = {
			isa = XCBuildConfiguration;
			buildSettings = {
				ASSETCATALOG_COMPILER_APPICON_NAME = AppIcon;
				CODE_SIGN_STYLE = Automatic;
				DEVELOPMENT_TEAM = 8PF4PD98CF;
				INFOPLIST_FILE = GoalPostApp/Info.plist;
				LD_RUNPATH_SEARCH_PATHS = (
					"$(inherited)",
					"@executable_path/Frameworks",
				);
				PRODUCT_BUNDLE_IDENTIFIER = com.paradabeltran.GoalPostApp;
				PRODUCT_NAME = "$(TARGET_NAME)";
				SWIFT_VERSION = 5.0;
				TARGETED_DEVICE_FAMILY = "1,2";
			};
			name = Release;
		};
/* End XCBuildConfiguration section */

/* Begin XCConfigurationList section */
		37BE75DF24CA173600079853 /* Build configuration list for PBXProject "GoalPostApp" */ = {
			isa = XCConfigurationList;
			buildConfigurations = (
				37BE75F924CA173700079853 /* Debug */,
				37BE75FA24CA173700079853 /* Release */,
			);
			defaultConfigurationIsVisible = 0;
			defaultConfigurationName = Release;
		};
		37BE75FB24CA173700079853 /* Build configuration list for PBXNativeTarget "GoalPostApp" */ = {
			isa = XCConfigurationList;
			buildConfigurations = (
				37BE75FC24CA173700079853 /* Debug */,
				37BE75FD24CA173700079853 /* Release */,
			);
			defaultConfigurationIsVisible = 0;
			defaultConfigurationName = Release;
		};
/* End XCConfigurationList section */

/* Begin XCVersionGroup section */
		37BE75F024CA173600079853 /* GoalPostApp.xcdatamodeld */ = {
			isa = XCVersionGroup;
			children = (
				37BE75F124CA173600079853 /* GoalPostApp.xcdatamodel */,
			);
			currentVersion = 37BE75F124CA173600079853 /* GoalPostApp.xcdatamodel */;
			path = GoalPostApp.xcdatamodeld;
			sourceTree = "<group>";
			versionGroupType = wrapper.xcdatamodel;
		};
/* End XCVersionGroup section */
	};
	rootObject = 37BE75DC24CA173600079853 /* Project object */;
}
